
Microsoft Visual Studio Solution File, Format Version 12.00
# Visual Studio Version 16
VisualStudioVersion = 16.0.32510.428
MinimumVisualStudioVersion = 10.0.40219.1
Project("{FAE04EC0-301F-11D3-BF4B-00C04F79EFBC}") = "MyGenerics", "MyGenerics\MyGenerics.csproj", "{49B3F59B-A526-446A-8F73-6BFBB8BBFA74}"
EndProject
Project("{FAE04EC0-301F-11D3-BF4B-00C04F79EFBC}") = "MyLinq", "MyLinq\MyLinq.csproj", "{C911405D-8079-4914-8865-2CD9BFC0B5B3}"
EndProject
Project("{FAE04EC0-301F-11D3-BF4B-00C04F79EFBC}") = "MyEvents", "MyEvents\MyEvents.csproj", "{ABB374FC-EADB-4F9A-8885-C8B1A9AE9AA8}"
EndProject
Project("{FAE04EC0-301F-11D3-BF4B-00C04F79EFBC}") = "MyDynamic", "MyDynamic\MyDynamic.csproj", "{3F573CF4-17DD-4D11-AE04-231768CC82B1}"
EndProject
Project("{FAE04EC0-301F-11D3-BF4B-00C04F79EFBC}") = "MyExtensionMethods", "MyExtensionMethods\MyExtensionMethods.csproj", "{BE2A86BB-0DE7-4323-A509-20C025C62E89}"
EndProject
Project("{9A19103F-16F7-4668-BE54-9A1E7A4F7556}") = "MyAsyncAwait", "MyAsyncAwait\MyAsyncAwait.csproj", "{F1755B3D-8130-4592-BCA1-95642795EAA9}"
EndProject
Global
	GlobalSection(SolutionConfigurationPlatforms) = preSolution
		Debug|Any CPU = Debug|Any CPU
		Release|Any CPU = Release|Any CPU
	EndGlobalSection
	GlobalSection(ProjectConfigurationPlatforms) = postSolution
		{49B3F59B-A526-446A-8F73-6BFBB8BBFA74}.Debug|Any CPU.ActiveCfg = Debug|Any CPU
		{49B3F59B-A526-446A-8F73-6BFBB8BBFA74}.Debug|Any CPU.Build.0 = Debug|Any CPU
		{49B3F59B-A526-446A-8F73-6BFBB8BBFA74}.Release|Any CPU.ActiveCfg = Release|Any CPU
		{49B3F59B-A526-446A-8F73-6BFBB8BBFA74}.Release|Any CPU.Build.0 = Release|Any CPU
		{C911405D-8079-4914-8865-2CD9BFC0B5B3}.Debug|Any CPU.ActiveCfg = Debug|Any CPU
		{C911405D-8079-4914-8865-2CD9BFC0B5B3}.Debug|Any CPU.Build.0 = Debug|Any CPU
		{C911405D-8079-4914-8865-2CD9BFC0B5B3}.Release|Any CPU.ActiveCfg = Release|Any CPU
		{C911405D-8079-4914-8865-2CD9BFC0B5B3}.Release|Any CPU.Build.0 = Release|Any CPU
		{ABB374FC-EADB-4F9A-8885-C8B1A9AE9AA8}.Debug|Any CPU.ActiveCfg = Debug|Any CPU
		{ABB374FC-EADB-4F9A-8885-C8B1A9AE9AA8}.Debug|Any CPU.Build.0 = Debug|Any CPU
		{ABB374FC-EADB-4F9A-8885-C8B1A9AE9AA8}.Release|Any CPU.ActiveCfg = Release|Any CPU
		{ABB374FC-EADB-4F9A-8885-C8B1A9AE9AA8}.Release|Any CPU.Build.0 = Release|Any CPU
		{3F573CF4-17DD-4D11-AE04-231768CC82B1}.Debug|Any CPU.ActiveCfg = Debug|Any CPU
		{3F573CF4-17DD-4D11-AE04-231768CC82B1}.Debug|Any CPU.Build.0 = Debug|Any CPU
		{3F573CF4-17DD-4D11-AE04-231768CC82B1}.Release|Any CPU.ActiveCfg = Release|Any CPU
		{3F573CF4-17DD-4D11-AE04-231768CC82B1}.Release|Any CPU.Build.0 = Release|Any CPU
		{BE2A86BB-0DE7-4323-A509-20C025C62E89}.Debug|Any CPU.ActiveCfg = Debug|Any CPU
		{BE2A86BB-0DE7-4323-A509-20C025C62E89}.Debug|Any CPU.Build.0 = Debug|Any CPU
		{BE2A86BB-0DE7-4323-A509-20C025C62E89}.Release|Any CPU.ActiveCfg = Release|Any CPU
		{BE2A86BB-0DE7-4323-A509-20C025C62E89}.Release|Any CPU.Build.0 = Release|Any CPU
		{F1755B3D-8130-4592-BCA1-95642795EAA9}.Debug|Any CPU.ActiveCfg = Debug|Any CPU
		{F1755B3D-8130-4592-BCA1-95642795EAA9}.Debug|Any CPU.Build.0 = Debug|Any CPU
		{F1755B3D-8130-4592-BCA1-95642795EAA9}.Release|Any CPU.ActiveCfg = Release|Any CPU
		{F1755B3D-8130-4592-BCA1-95642795EAA9}.Release|Any CPU.Build.0 = Release|Any CPU
	EndGlobalSection
	GlobalSection(SolutionProperties) = preSolution
		HideSolutionNode = FALSE
	EndGlobalSection
	GlobalSection(ExtensibilityGlobals) = postSolution
		SolutionGuid = {DC670F7D-EDE3-4645-AE7D-EAEB70F3CD34}
	EndGlobalSection
EndGlobal
